
Microsoft Visual Studio Solution File, Format Version 12.00
# Visual Studio Version 17
VisualStudioVersion = 17.0.31903.59
MinimumVisualStudioVersion = 10.0.40219.1
Project("{2150E333-8FDC-42A3-9474-1A3956D46DE8}") = "src", "src", "{827E0CD3-B72D-47B6-A68D-7590B98EB39B}"
EndProject
Project("{FAE04EC0-301F-11D3-BF4B-00C04F79EFBC}") = "MyFinance.Domain", "src\MyFinance.Domain\MyFinance.Domain.csproj", "{0BC6542A-4ED8-46FF-9F66-18278A437C2F}"
EndProject
Project("{FAE04EC0-301F-11D3-BF4B-00C04F79EFBC}") = "MyFinance.Application", "src\MyFinance.Application\MyFinance.Application.csproj", "{B648BFEB-59B7-4491-BF7E-83C351971021}"
EndProject
Project("{FAE04EC0-301F-11D3-BF4B-00C04F79EFBC}") = "MyFinance.Infrastructure", "src\MyFinance.Infrastructure\MyFinance.Infrastructure.csproj", "{A5AFD39D-C969-4089-A338-0B4A1715B99B}"
EndProject
Project("{FAE04EC0-301F-11D3-BF4B-00C04F79EFBC}") = "MyFinance.API", "src\MyFinance.API\MyFinance.API.csproj", "{288F977A-1C87-408A-BF1B-17FD45C61DB6}"
EndProject
Project("{FAE04EC0-301F-11D3-BF4B-00C04F79EFBC}") = "Myfinance.Client", "src\Myfinance.Client\Myfinance.Client.csproj", "{E9698F0D-C1C5-45F0-A85B-8B05CB0280F5}"
EndProject
Global
	GlobalSection(SolutionConfigurationPlatforms) = preSolution
		Debug|Any CPU = Debug|Any CPU
		Debug|x64 = Debug|x64
		Debug|x86 = Debug|x86
		Release|Any CPU = Release|Any CPU
		Release|x64 = Release|x64
		Release|x86 = Release|x86
	EndGlobalSection
	GlobalSection(ProjectConfigurationPlatforms) = postSolution
		{0BC6542A-4ED8-46FF-9F66-18278A437C2F}.Debug|Any CPU.ActiveCfg = Debug|Any CPU
		{0BC6542A-4ED8-46FF-9F66-18278A437C2F}.Debug|Any CPU.Build.0 = Debug|Any CPU
		{0BC6542A-4ED8-46FF-9F66-18278A437C2F}.Debug|x64.ActiveCfg = Debug|Any CPU
		{0BC6542A-4ED8-46FF-9F66-18278A437C2F}.Debug|x64.Build.0 = Debug|Any CPU
		{0BC6542A-4ED8-46FF-9F66-18278A437C2F}.Debug|x86.ActiveCfg = Debug|Any CPU
		{0BC6542A-4ED8-46FF-9F66-18278A437C2F}.Debug|x86.Build.0 = Debug|Any CPU
		{0BC6542A-4ED8-46FF-9F66-18278A437C2F}.Release|Any CPU.ActiveCfg = Release|Any CPU
		{0BC6542A-4ED8-46FF-9F66-18278A437C2F}.Release|Any CPU.Build.0 = Release|Any CPU
		{0BC6542A-4ED8-46FF-9F66-18278A437C2F}.Release|x64.ActiveCfg = Release|Any CPU
		{0BC6542A-4ED8-46FF-9F66-18278A437C2F}.Release|x64.Build.0 = Release|Any CPU
		{0BC6542A-4ED8-46FF-9F66-18278A437C2F}.Release|x86.ActiveCfg = Release|Any CPU
		{0BC6542A-4ED8-46FF-9F66-18278A437C2F}.Release|x86.Build.0 = Release|Any CPU
		{B648BFEB-59B7-4491-BF7E-83C351971021}.Debug|Any CPU.ActiveCfg = Debug|Any CPU
		{B648BFEB-59B7-4491-BF7E-83C351971021}.Debug|Any CPU.Build.0 = Debug|Any CPU
		{B648BFEB-59B7-4491-BF7E-83C351971021}.Debug|x64.ActiveCfg = Debug|Any CPU
		{B648BFEB-59B7-4491-BF7E-83C351971021}.Debug|x64.Build.0 = Debug|Any CPU
		{B648BFEB-59B7-4491-BF7E-83C351971021}.Debug|x86.ActiveCfg = Debug|Any CPU
		{B648BFEB-59B7-4491-BF7E-83C351971021}.Debug|x86.Build.0 = Debug|Any CPU
		{B648BFEB-59B7-4491-BF7E-83C351971021}.Release|Any CPU.ActiveCfg = Release|Any CPU
		{B648BFEB-59B7-4491-BF7E-83C351971021}.Release|Any CPU.Build.0 = Release|Any CPU
		{B648BFEB-59B7-4491-BF7E-83C351971021}.Release|x64.ActiveCfg = Release|Any CPU
		{B648BFEB-59B7-4491-BF7E-83C351971021}.Release|x64.Build.0 = Release|Any CPU
		{B648BFEB-59B7-4491-BF7E-83C351971021}.Release|x86.ActiveCfg = Release|Any CPU
		{B648BFEB-59B7-4491-BF7E-83C351971021}.Release|x86.Build.0 = Release|Any CPU
		{A5AFD39D-C969-4089-A338-0B4A1715B99B}.Debug|Any CPU.ActiveCfg = Debug|Any CPU
		{A5AFD39D-C969-4089-A338-0B4A1715B99B}.Debug|Any CPU.Build.0 = Debug|Any CPU
		{A5AFD39D-C969-4089-A338-0B4A1715B99B}.Debug|x64.ActiveCfg = Debug|Any CPU
		{A5AFD39D-C969-4089-A338-0B4A1715B99B}.Debug|x64.Build.0 = Debug|Any CPU
		{A5AFD39D-C969-4089-A338-0B4A1715B99B}.Debug|x86.ActiveCfg = Debug|Any CPU
		{A5AFD39D-C969-4089-A338-0B4A1715B99B}.Debug|x86.Build.0 = Debug|Any CPU
		{A5AFD39D-C969-4089-A338-0B4A1715B99B}.Release|Any CPU.ActiveCfg = Release|Any CPU
		{A5AFD39D-C969-4089-A338-0B4A1715B99B}.Release|Any CPU.Build.0 = Release|Any CPU
		{A5AFD39D-C969-4089-A338-0B4A1715B99B}.Release|x64.ActiveCfg = Release|Any CPU
		{A5AFD39D-C969-4089-A338-0B4A1715B99B}.Release|x64.Build.0 = Release|Any CPU
		{A5AFD39D-C969-4089-A338-0B4A1715B99B}.Release|x86.ActiveCfg = Release|Any CPU
		{A5AFD39D-C969-4089-A338-0B4A1715B99B}.Release|x86.Build.0 = Release|Any CPU
		{288F977A-1C87-408A-BF1B-17FD45C61DB6}.Debug|Any CPU.ActiveCfg = Debug|Any CPU
		{288F977A-1C87-408A-BF1B-17FD45C61DB6}.Debug|Any CPU.Build.0 = Debug|Any CPU
		{288F977A-1C87-408A-BF1B-17FD45C61DB6}.Debug|x64.ActiveCfg = Debug|Any CPU
		{288F977A-1C87-408A-BF1B-17FD45C61DB6}.Debug|x64.Build.0 = Debug|Any CPU
		{288F977A-1C87-408A-BF1B-17FD45C61DB6}.Debug|x86.ActiveCfg = Debug|Any CPU
		{288F977A-1C87-408A-BF1B-17FD45C61DB6}.Debug|x86.Build.0 = Debug|Any CPU
		{288F977A-1C87-408A-BF1B-17FD45C61DB6}.Release|Any CPU.ActiveCfg = Release|Any CPU
		{288F977A-1C87-408A-BF1B-17FD45C61DB6}.Release|Any CPU.Build.0 = Release|Any CPU
		{288F977A-1C87-408A-BF1B-17FD45C61DB6}.Release|x64.ActiveCfg = Release|Any CPU
		{288F977A-1C87-408A-BF1B-17FD45C61DB6}.Release|x64.Build.0 = Release|Any CPU
		{288F977A-1C87-408A-BF1B-17FD45C61DB6}.Release|x86.ActiveCfg = Release|Any CPU
		{288F977A-1C87-408A-BF1B-17FD45C61DB6}.Release|x86.Build.0 = Release|Any CPU
		{E9698F0D-C1C5-45F0-A85B-8B05CB0280F5}.Debug|Any CPU.ActiveCfg = Debug|Any CPU
		{E9698F0D-C1C5-45F0-A85B-8B05CB0280F5}.Debug|Any CPU.Build.0 = Debug|Any CPU
		{E9698F0D-C1C5-45F0-A85B-8B05CB0280F5}.Debug|x64.ActiveCfg = Debug|Any CPU
		{E9698F0D-C1C5-45F0-A85B-8B05CB0280F5}.Debug|x64.Build.0 = Debug|Any CPU
		{E9698F0D-C1C5-45F0-A85B-8B05CB0280F5}.Debug|x86.ActiveCfg = Debug|Any CPU
		{E9698F0D-C1C5-45F0-A85B-8B05CB0280F5}.Debug|x86.Build.0 = Debug|Any CPU
		{E9698F0D-C1C5-45F0-A85B-8B05CB0280F5}.Release|Any CPU.ActiveCfg = Release|Any CPU
		{E9698F0D-C1C5-45F0-A85B-8B05CB0280F5}.Release|Any CPU.Build.0 = Release|Any CPU
		{E9698F0D-C1C5-45F0-A85B-8B05CB0280F5}.Release|x64.ActiveCfg = Release|Any CPU
		{E9698F0D-C1C5-45F0-A85B-8B05CB0280F5}.Release|x64.Build.0 = Release|Any CPU
		{E9698F0D-C1C5-45F0-A85B-8B05CB0280F5}.Release|x86.ActiveCfg = Release|Any CPU
		{E9698F0D-C1C5-45F0-A85B-8B05CB0280F5}.Release|x86.Build.0 = Release|Any CPU
	EndGlobalSection
	GlobalSection(SolutionProperties) = preSolution
		HideSolutionNode = FALSE
	EndGlobalSection
	GlobalSection(NestedProjects) = preSolution
		{0BC6542A-4ED8-46FF-9F66-18278A437C2F} = {827E0CD3-B72D-47B6-A68D-7590B98EB39B}
		{B648BFEB-59B7-4491-BF7E-83C351971021} = {827E0CD3-B72D-47B6-A68D-7590B98EB39B}
		{A5AFD39D-C969-4089-A338-0B4A1715B99B} = {827E0CD3-B72D-47B6-A68D-7590B98EB39B}
		{288F977A-1C87-408A-BF1B-17FD45C61DB6} = {827E0CD3-B72D-47B6-A68D-7590B98EB39B}
		{E9698F0D-C1C5-45F0-A85B-8B05CB0280F5} = {827E0CD3-B72D-47B6-A68D-7590B98EB39B}
	EndGlobalSection
EndGlobal
